
Microsoft Visual Studio Solution File, Format Version 12.00
# Visual Studio Version 16
VisualStudioVersion = 16.0.30717.126
MinimumVisualStudioVersion = 10.0.40219.1
Project("{9A19103F-16F7-4668-BE54-9A1E7A4F7556}") = "Xfs", "Xfs\Xfs.csproj", "{524D5076-DD02-4362-8F3F-0FB3DF913B5B}"
EndProject
Project("{9A19103F-16F7-4668-BE54-9A1E7A4F7556}") = "XfsGateServer", "XfsGateServer\XfsGateServer.csproj", "{A064C649-C34D-4887-B225-AB936B10FD9B}"
EndProject
Project("{9A19103F-16F7-4668-BE54-9A1E7A4F7556}") = "XfsConsoleClient", "XfsConsoleClient\XfsConsoleClient.csproj", "{54949F53-7EFE-4980-82C8-5D13DFEF7836}"
EndProject
Global
	GlobalSection(SolutionConfigurationPlatforms) = preSolution
		Debug|Any CPU = Debug|Any CPU
		Release|Any CPU = Release|Any CPU
	EndGlobalSection
	GlobalSection(ProjectConfigurationPlatforms) = postSolution
		{524D5076-DD02-4362-8F3F-0FB3DF913B5B}.Debug|Any CPU.ActiveCfg = Debug|Any CPU
		{524D5076-DD02-4362-8F3F-0FB3DF913B5B}.Debug|Any CPU.Build.0 = Debug|Any CPU
		{524D5076-DD02-4362-8F3F-0FB3DF913B5B}.Release|Any CPU.ActiveCfg = Release|Any CPU
		{524D5076-DD02-4362-8F3F-0FB3DF913B5B}.Release|Any CPU.Build.0 = Release|Any CPU
		{A064C649-C34D-4887-B225-AB936B10FD9B}.Debug|Any CPU.ActiveCfg = Debug|Any CPU
		{A064C649-C34D-4887-B225-AB936B10FD9B}.Debug|Any CPU.Build.0 = Debug|Any CPU
		{A064C649-C34D-4887-B225-AB936B10FD9B}.Release|Any CPU.ActiveCfg = Release|Any CPU
		{A064C649-C34D-4887-B225-AB936B10FD9B}.Release|Any CPU.Build.0 = Release|Any CPU
		{54949F53-7EFE-4980-82C8-5D13DFEF7836}.Debug|Any CPU.ActiveCfg = Debug|Any CPU
		{54949F53-7EFE-4980-82C8-5D13DFEF7836}.Debug|Any CPU.Build.0 = Debug|Any CPU
		{54949F53-7EFE-4980-82C8-5D13DFEF7836}.Release|Any CPU.ActiveCfg = Release|Any CPU
		{54949F53-7EFE-4980-82C8-5D13DFEF7836}.Release|Any CPU.Build.0 = Release|Any CPU
	EndGlobalSection
	GlobalSection(SolutionProperties) = preSolution
		HideSolutionNode = FALSE
	EndGlobalSection
	GlobalSection(ExtensibilityGlobals) = postSolution
		SolutionGuid = {E89B36F5-417F-4FAA-897B-4A6D1FE43DAD}
	EndGlobalSection
EndGlobal
